// !$*UTF8*$!
{
	archiveVersion = 1;
	classes = {
	};
	objectVersion = 46;
	objects = {

/* Begin PBXBuildFile section */
		3033A6971D936DEB00139C90 /* main.m in Sources */ = {isa = PBXBuildFile; fileRef = 3033A6961D936DEB00139C90 /* main.m */; };
		3033A6A31D936DF500139C90 /* LinkedList.m in Sources */ = {isa = PBXBuildFile; fileRef = 3033A69E1D936DF500139C90 /* LinkedList.m */; };
		3033A6A41D936DF500139C90 /* HashTable.m in Sources */ = {isa = PBXBuildFile; fileRef = 3033A6A01D936DF500139C90 /* HashTable.m */; };
		3033A6A51D936DF500139C90 /* Node.m in Sources */ = {isa = PBXBuildFile; fileRef = 3033A6A21D936DF500139C90 /* Node.m */; };
/* End PBXBuildFile section */

/* Begin PBXCopyFilesBuildPhase section */
		3033A6911D936DEB00139C90 /* CopyFiles */ = {
			isa = PBXCopyFilesBuildPhase;
			buildActionMask = 2147483647;
			dstPath = /usr/share/man/man1/;
			dstSubfolderSpec = 0;
			files = (
			);
			runOnlyForDeploymentPostprocessing = 1;
		};
/* End PBXCopyFilesBuildPhase section */

/* Begin PBXFileReference section */
		3033A6931D936DEB00139C90 /* MyHashTable */ = {isa = PBXFileReference; explicitFileType = "compiled.mach-o.executable"; includeInIndex = 0; path = MyHashTable; sourceTree = BUILT_PRODUCTS_DIR; };
		3033A6961D936DEB00139C90 /* main.m */ = {isa = PBXFileReference; lastKnownFileType = sourcecode.c.objc; path = main.m; sourceTree = "<group>"; };
		3033A69D1D936DF500139C90 /* LinkedList.h */ = {isa = PBXFileReference; fileEncoding = 4; lastKnownFileType = sourcecode.c.h; path = LinkedList.h; sourceTree = "<group>"; };
		3033A69E1D936DF500139C90 /* LinkedList.m */ = {isa = PBXFileReference; fileEncoding = 4; lastKnownFileType = sourcecode.c.objc; path = LinkedList.m; sourceTree = "<group>"; };
		3033A69F1D936DF500139C90 /* HashTable.h */ = {isa = PBXFileReference; fileEncoding = 4; lastKnownFileType = sourcecode.c.h; path = HashTable.h; sourceTree = "<group>"; };
		3033A6A01D936DF500139C90 /* HashTable.m */ = {isa = PBXFileReference; fileEncoding = 4; lastKnownFileType = sourcecode.c.objc; path = HashTable.m; sourceTree = "<group>"; };
		3033A6A11D936DF500139C90 /* Node.h */ = {isa = PBXFileReference; fileEncoding = 4; lastKnownFileType = sourcecode.c.h; path = Node.h; sourceTree = "<group>"; };
		3033A6A21D936DF500139C90 /* Node.m */ = {isa = PBXFileReference; fileEncoding = 4; lastKnownFileType = sourcecode.c.objc; path = Node.m; sourceTree = "<group>"; };
/* End PBXFileReference section */

/* Begin PBXFrameworksBuildPhase section */
		3033A6901D936DEB00139C90 /* Frameworks */ = {
			isa = PBXFrameworksBuildPhase;
			buildActionMask = 2147483647;
			files = (
			);
			runOnlyForDeploymentPostprocessing = 0;
		};
/* End PBXFrameworksBuildPhase section */

/* Begin PBXGroup section */
		3033A68A1D936DEB00139C90 = {
			isa = PBXGroup;
			children = (
				3033A6951D936DEB00139C90 /* MyHashTable */,
				3033A6941D936DEB00139C90 /* Products */,
			);
			sourceTree = "<group>";
		};
		3033A6941D936DEB00139C90 /* Products */ = {
			isa = PBXGroup;
			children = (
				3033A6931D936DEB00139C90 /* MyHashTable */,
			);
			name = Products;
			sourceTree = "<group>";
		};
		3033A6951D936DEB00139C90 /* MyHashTable */ = {
			isa = PBXGroup;
			children = (
				3033A69D1D936DF500139C90 /* LinkedList.h */,
				3033A69E1D936DF500139C90 /* LinkedList.m */,
				3033A69F1D936DF500139C90 /* HashTable.h */,
				3033A6A01D936DF500139C90 /* HashTable.m */,
				3033A6A11D936DF500139C90 /* Node.h */,
				3033A6A21D936DF500139C90 /* Node.m */,
				3033A6961D936DEB00139C90 /* main.m */,
			);
			path = MyHashTable;
			sourceTree = "<group>";
		};
/* End PBXGroup section */

/* Begin PBXNativeTarget section */
		3033A6921D936DEB00139C90 /* MyHashTable */ = {
			isa = PBXNativeTarget;
			buildConfigurationList = 3033A69A1D936DEB00139C90 /* Build configuration list for PBXNativeTarget "MyHashTable" */;
			buildPhases = (
				3033A68F1D936DEB00139C90 /* Sources */,
				3033A6901D936DEB00139C90 /* Frameworks */,
				3033A6911D936DEB00139C90 /* CopyFiles */,
			);
			buildRules = (
			);
			dependencies = (
			);
			name = MyHashTable;
			productName = MyHashTable;
			productReference = 3033A6931D936DEB00139C90 /* MyHashTable */;
			productType = "com.apple.product-type.tool";
		};
/* End PBXNativeTarget section */

/* Begin PBXProject section */
		3033A68B1D936DEB00139C90 /* Project object */ = {
			isa = PBXProject;
			attributes = {
				LastUpgradeCheck = 0730;
				ORGANIZATIONNAME = Epam;
				TargetAttributes = {
					3033A6921D936DEB00139C90 = {
						CreatedOnToolsVersion = 7.3;
					};
				};
			};
			buildConfigurationList = 3033A68E1D936DEB00139C90 /* Build configuration list for PBXProject "MyHashTable" */;
			compatibilityVersion = "Xcode 3.2";
			developmentRegion = English;
			hasScannedForEncodings = 0;
			knownRegions = (
				en,
			);
			mainGroup = 3033A68A1D936DEB00139C90;
			productRefGroup = 3033A6941D936DEB00139C90 /* Products */;
			projectDirPath = "";
			projectRoot = "";
			targets = (
				3033A6921D936DEB00139C90 /* MyHashTable */,
			);
		};
/* End PBXProject section */

/* Begin PBXSourcesBuildPhase section */
		3033A68F1D936DEB00139C90 /* Sources */ = {
			isa = PBXSourcesBuildPhase;
			buildActionMask = 2147483647;
			files = (
				3033A6A41D936DF500139C90 /* HashTable.m in Sources */,
				3033A6971D936DEB00139C90 /* main.m in Sources */,
				3033A6A31D936DF500139C90 /* LinkedList.m in Sources */,
				3033A6A51D936DF500139C90 /* Node.m in Sources */,
			);
			runOnlyForDeploymentPostprocessing = 0;
		};
/* End PBXSourcesBuildPhase section */

/* Begin XCBuildConfiguration section */
		3033A6981D936DEB00139C90 /* Debug */ = {
			isa = XCBuildConfiguration;
			buildSettings = {
				ALWAYS_SEARCH_USER_PATHS = NO;
				CLANG_ANALYZER_NONNULL = YES;
				CLANG_CXX_LANGUAGE_STANDARD = "gnu++0x";
				CLANG_CXX_LIBRARY = "libc++";
				CLANG_ENABLE_MODULES = YES;
				CLANG_ENABLE_OBJC_ARC = YES;
				CLANG_WARN_BOOL_CONVERSION = YES;
				CLANG_WARN_CONSTANT_CONVERSION = YES;
				CLANG_WARN_DIRECT_OBJC_ISA_USAGE = YES_ERROR;
				CLANG_WARN_EMPTY_BODY = YES;
				CLANG_WARN_ENUM_CONVERSION = YES;
				CLANG_WARN_INT_CONVERSION = YES;
				CLANG_WARN_OBJC_ROOT_CLASS = YES_ERROR;
				CLANG_WARN_UNREACHABLE_CODE = YES;
				CLANG_WARN__DUPLICATE_METHOD_MATCH = YES;
				CODE_SIGN_IDENTITY = "-";
				COPY_PHASE_STRIP = NO;
				DEBUG_INFORMATION_FORMAT = dwarf;
				ENABLE_STRICT_OBJC_MSGSEND = YES;
				ENABLE_TESTABILITY = YES;
				GCC_C_LANGUAGE_STANDARD = gnu99;
				GCC_DYNAMIC_NO_PIC = NO;
				GCC_NO_COMMON_BLOCKS = YES;
				GCC_OPTIMIZATION_LEVEL = 0;
				GCC_PREPROCESSOR_DEFINITIONS = (
					"DEBUG=1",
					"$(inherited)",
				);
				GCC_WARN_64_TO_32_BIT_CONVERSION = YES;
				GCC_WARN_ABOUT_RETURN_TYPE = YES_ERROR;
				GCC_WARN_UNDECLARED_SELECTOR = YES;
				GCC_WARN_UNINITIALIZED_AUTOS = YES_AGGRESSIVE;
				GCC_WARN_UNUSED_FUNCTION = YES;
				GCC_WARN_UNUSED_VARIABLE = YES;
				MACOSX_DEPLOYMENT_TARGET = 10.11;
				MTL_ENABLE_DEBUG_INFO = YES;
				ONLY_ACTIVE_ARCH = YES;
				SDKROOT = macosx;
			};
			name = Debug;
		};
		3033A6991D936DEB00139C90 /* Release */ = {
			isa = XCBuildConfiguration;
			buildSettings = {
				ALWAYS_SEARCH_USER_PATHS = NO;
				CLANG_ANALYZER_NONNULL = YES;
				CLANG_CXX_LANGUAGE_STANDARD = "gnu++0x";
				CLANG_CXX_LIBRARY = "libc++";
				CLANG_ENABLE_MODULES = YES;
				CLANG_ENABLE_OBJC_ARC = YES;
				CLANG_WARN_BOOL_CONVERSION = YES;
				CLANG_WARN_CONSTANT_CONVERSION = YES;
				CLANG_WARN_DIRECT_OBJC_ISA_USAGE = YES_ERROR;
				CLANG_WARN_EMPTY_BODY = YES;
				CLANG_WARN_ENUM_CONVERSION = YES;
				CLANG_WARN_INT_CONVERSION = YES;
				CLANG_WARN_OBJC_ROOT_CLASS = YES_ERROR;
				CLANG_WARN_UNREACHABLE_CODE = YES;
				CLANG_WARN__DUPLICATE_METHOD_MATCH = YES;
				CODE_SIGN_IDENTITY = "-";
				COPY_PHASE_STRIP = NO;
				DEBUG_INFORMATION_FORMAT = "dwarf-with-dsym";
				ENABLE_NS_ASSERTIONS = NO;
				ENABLE_STRICT_OBJC_MSGSEND = YES;
				GCC_C_LANGUAGE_STANDARD = gnu99;
				GCC_NO_COMMON_BLOCKS = YES;
				GCC_WARN_64_TO_32_BIT_CONVERSION = YES;
				GCC_WARN_ABOUT_RETURN_TYPE = YES_ERROR;
				GCC_WARN_UNDECLARED_SELECTOR = YES;
				GCC_WARN_UNINITIALIZED_AUTOS = YES_AGGRESSIVE;
				GCC_WARN_UNUSED_FUNCTION = YES;
				GCC_WARN_UNUSED_VARIABLE = YES;
				MACOSX_DEPLOYMENT_TARGET = 10.11;
				MTL_ENABLE_DEBUG_INFO = NO;
				SDKROOT = macosx;
			};
			name = Release;
		};
		3033A69B1D936DEB00139C90 /* Debug */ = {
			isa = XCBuildConfiguration;
			buildSettings = {
				PRODUCT_NAME = "$(TARGET_NAME)";
			};
			name = Debug;
		};
		3033A69C1D936DEB00139C90 /* Release */ = {
			isa = XCBuildConfiguration;
			buildSettings = {
				PRODUCT_NAME = "$(TARGET_NAME)";
			};
			name = Release;
		};
/* End XCBuildConfiguration section */

/* Begin XCConfigurationList section */
		3033A68E1D936DEB00139C90 /* Build configuration list for PBXProject "MyHashTable" */ = {
			isa = XCConfigurationList;
			buildConfigurations = (
				3033A6981D936DEB00139C90 /* Debug */,
				3033A6991D936DEB00139C90 /* Release */,
			);
			defaultConfigurationIsVisible = 0;
			defaultConfigurationName = Release;
		};
		3033A69A1D936DEB00139C90 /* Build configuration list for PBXNativeTarget "MyHashTable" */ = {
			isa = XCConfigurationList;
			buildConfigurations = (
				3033A69B1D936DEB00139C90 /* Debug */,
				3033A69C1D936DEB00139C90 /* Release */,
			);
			defaultConfigurationIsVisible = 0;
		};
/* End XCConfigurationList section */
	};
	rootObject = 3033A68B1D936DEB00139C90 /* Project object */;
}
